
Microsoft Visual Studio Solution File, Format Version 12.00
# Visual Studio Version 17
VisualStudioVersion = 17.3.32819.101
MinimumVisualStudioVersion = 10.0.40219.1
Project("{FAE04EC0-301F-11D3-BF4B-00C04F79EFBC}") = "HomeWork1", "HomeWork1\HomeWork1.csproj", "{026ABEED-5F27-4401-89BD-7060C83465FF}"
EndProject
Global
	GlobalSection(SolutionConfigurationPlatforms) = preSolution
		Debug|Any CPU = Debug|Any CPU
		Release|Any CPU = Release|Any CPU
	EndGlobalSection
	GlobalSection(ProjectConfigurationPlatforms) = postSolution
		{026ABEED-5F27-4401-89BD-7060C83465FF}.Debug|Any CPU.ActiveCfg = Debug|Any CPU
		{026ABEED-5F27-4401-89BD-7060C83465FF}.Debug|Any CPU.Build.0 = Debug|Any CPU
		{026ABEED-5F27-4401-89BD-7060C83465FF}.Release|Any CPU.ActiveCfg = Release|Any CPU
		{026ABEED-5F27-4401-89BD-7060C83465FF}.Release|Any CPU.Build.0 = Release|Any CPU
	EndGlobalSection
	GlobalSection(SolutionProperties) = preSolution
		HideSolutionNode = FALSE
	EndGlobalSection
	GlobalSection(ExtensibilityGlobals) = postSolution
		SolutionGuid = {1E11338B-26C9-4E01-9F46-26BCB322A9EB}
	EndGlobalSection
EndGlobal
